
Microsoft Visual Studio Solution File, Format Version 12.00
# Visual Studio Version 17
VisualStudioVersion = 17.6.33815.320
MinimumVisualStudioVersion = 10.0.40219.1
Project("{FAE04EC0-301F-11D3-BF4B-00C04F79EFBC}") = "EVisaProcessing", "EVisaProcessing\EVisaProcessing.csproj", "{DA36C193-5199-4D72-B4AE-CBE57E74277C}"
EndProject
Global
	GlobalSection(SolutionConfigurationPlatforms) = preSolution
		Debug|Any CPU = Debug|Any CPU
		Release|Any CPU = Release|Any CPU
	EndGlobalSection
	GlobalSection(ProjectConfigurationPlatforms) = postSolution
		{DA36C193-5199-4D72-B4AE-CBE57E74277C}.Debug|Any CPU.ActiveCfg = Debug|Any CPU
		{DA36C193-5199-4D72-B4AE-CBE57E74277C}.Debug|Any CPU.Build.0 = Debug|Any CPU
		{DA36C193-5199-4D72-B4AE-CBE57E74277C}.Release|Any CPU.ActiveCfg = Release|Any CPU
		{DA36C193-5199-4D72-B4AE-CBE57E74277C}.Release|Any CPU.Build.0 = Release|Any CPU
	EndGlobalSection
	GlobalSection(SolutionProperties) = preSolution
		HideSolutionNode = FALSE
	EndGlobalSection
	GlobalSection(ExtensibilityGlobals) = postSolution
		SolutionGuid = {F06EADA6-91A9-46AD-9311-15696279D891}
	EndGlobalSection
EndGlobal
